
Microsoft Visual Studio Solution File, Format Version 12.00
# Visual Studio Version 16
VisualStudioVersion = 16.0.31321.278
MinimumVisualStudioVersion = 10.0.40219.1
Project("{FAE04EC0-301F-11D3-BF4B-00C04F79EFBC}") = "CalculatorV2GUI", "CalculatorV2GUI\CalculatorV2GUI.csproj", "{5994D2C9-A758-4397-B817-0E403497D274}"
EndProject
Global
	GlobalSection(SolutionConfigurationPlatforms) = preSolution
		Debug|Any CPU = Debug|Any CPU
		Release|Any CPU = Release|Any CPU
	EndGlobalSection
	GlobalSection(ProjectConfigurationPlatforms) = postSolution
		{5994D2C9-A758-4397-B817-0E403497D274}.Debug|Any CPU.ActiveCfg = Debug|Any CPU
		{5994D2C9-A758-4397-B817-0E403497D274}.Debug|Any CPU.Build.0 = Debug|Any CPU
		{5994D2C9-A758-4397-B817-0E403497D274}.Release|Any CPU.ActiveCfg = Release|Any CPU
		{5994D2C9-A758-4397-B817-0E403497D274}.Release|Any CPU.Build.0 = Release|Any CPU
	EndGlobalSection
	GlobalSection(SolutionProperties) = preSolution
		HideSolutionNode = FALSE
	EndGlobalSection
	GlobalSection(ExtensibilityGlobals) = postSolution
		SolutionGuid = {DECE32D4-7479-4B27-8E83-33FEF57F1F29}
	EndGlobalSection
EndGlobal
